
Microsoft Visual Studio Solution File, Format Version 12.00
Project("{FAE04EC0-301F-11D3-BF4B-00C04F79EFBC}") = "ToDoList", "ToDoList\ToDoList.csproj", "{B3EA6934-381F-487B-BEFC-62F2D52E4E12}"
EndProject
Project("{2150E333-8FDC-42A3-9474-1A3956D46DE8}") = "DAL", "DAL", "{3F335F9B-FCAF-4251-964E-EEE95420DB6A}"
EndProject
Project("{FAE04EC0-301F-11D3-BF4B-00C04F79EFBC}") = "ToDoList.DAL", "ToDoList.DAL\ToDoList.DAL.csproj", "{7EB05B70-8FF9-45AE-99E5-83BAB178AD12}"
EndProject
Project("{2150E333-8FDC-42A3-9474-1A3956D46DE8}") = "Domain", "Domain", "{CC621BA7-E529-441C-A6DC-6A3A0DAA03E4}"
EndProject
Project("{FAE04EC0-301F-11D3-BF4B-00C04F79EFBC}") = "ToDoList.Domain", "ToDoList.Domain\ToDoList.Domain.csproj", "{6CCCDCD2-AC0D-43C4-B832-3FE2941F8150}"
EndProject
Project("{2150E333-8FDC-42A3-9474-1A3956D46DE8}") = "Service", "Service", "{66025233-5687-4DBA-A6F0-E1BA8414B30A}"
EndProject
Project("{FAE04EC0-301F-11D3-BF4B-00C04F79EFBC}") = "ToDoList.Service", "ToDoList.Service\ToDoList.Service.csproj", "{B1D2BF9A-34BA-44D4-AB12-61C97134A6FB}"
EndProject
Global
	GlobalSection(SolutionConfigurationPlatforms) = preSolution
		Debug|Any CPU = Debug|Any CPU
		Release|Any CPU = Release|Any CPU
	EndGlobalSection
	GlobalSection(ProjectConfigurationPlatforms) = postSolution
		{B3EA6934-381F-487B-BEFC-62F2D52E4E12}.Debug|Any CPU.ActiveCfg = Debug|Any CPU
		{B3EA6934-381F-487B-BEFC-62F2D52E4E12}.Debug|Any CPU.Build.0 = Debug|Any CPU
		{B3EA6934-381F-487B-BEFC-62F2D52E4E12}.Release|Any CPU.ActiveCfg = Release|Any CPU
		{B3EA6934-381F-487B-BEFC-62F2D52E4E12}.Release|Any CPU.Build.0 = Release|Any CPU
		{7EB05B70-8FF9-45AE-99E5-83BAB178AD12}.Debug|Any CPU.ActiveCfg = Debug|Any CPU
		{7EB05B70-8FF9-45AE-99E5-83BAB178AD12}.Debug|Any CPU.Build.0 = Debug|Any CPU
		{7EB05B70-8FF9-45AE-99E5-83BAB178AD12}.Release|Any CPU.ActiveCfg = Release|Any CPU
		{7EB05B70-8FF9-45AE-99E5-83BAB178AD12}.Release|Any CPU.Build.0 = Release|Any CPU
		{6CCCDCD2-AC0D-43C4-B832-3FE2941F8150}.Debug|Any CPU.ActiveCfg = Debug|Any CPU
		{6CCCDCD2-AC0D-43C4-B832-3FE2941F8150}.Debug|Any CPU.Build.0 = Debug|Any CPU
		{6CCCDCD2-AC0D-43C4-B832-3FE2941F8150}.Release|Any CPU.ActiveCfg = Release|Any CPU
		{6CCCDCD2-AC0D-43C4-B832-3FE2941F8150}.Release|Any CPU.Build.0 = Release|Any CPU
		{B1D2BF9A-34BA-44D4-AB12-61C97134A6FB}.Debug|Any CPU.ActiveCfg = Debug|Any CPU
		{B1D2BF9A-34BA-44D4-AB12-61C97134A6FB}.Debug|Any CPU.Build.0 = Debug|Any CPU
		{B1D2BF9A-34BA-44D4-AB12-61C97134A6FB}.Release|Any CPU.ActiveCfg = Release|Any CPU
		{B1D2BF9A-34BA-44D4-AB12-61C97134A6FB}.Release|Any CPU.Build.0 = Release|Any CPU
	EndGlobalSection
	GlobalSection(NestedProjects) = preSolution
		{7EB05B70-8FF9-45AE-99E5-83BAB178AD12} = {3F335F9B-FCAF-4251-964E-EEE95420DB6A}
		{6CCCDCD2-AC0D-43C4-B832-3FE2941F8150} = {CC621BA7-E529-441C-A6DC-6A3A0DAA03E4}
		{B1D2BF9A-34BA-44D4-AB12-61C97134A6FB} = {66025233-5687-4DBA-A6F0-E1BA8414B30A}
	EndGlobalSection
EndGlobal
